
Microsoft Visual Studio Solution File, Format Version 12.00
Project("{2150E333-8FDC-42A3-9474-1A3956D46DE8}") = "Backend", "Backend", "{B754D736-03D8-4495-814C-BAF3199A368B}"
EndProject
Project("{2150E333-8FDC-42A3-9474-1A3956D46DE8}") = "Frontend", "Frontend", "{EC347677-E041-4360-A9FB-00728E870085}"
EndProject
Project("{2150E333-8FDC-42A3-9474-1A3956D46DE8}") = "Core", "Core", "{E188B618-F82D-4003-8064-2DFD3C43FBEB}"
EndProject
Project("{2150E333-8FDC-42A3-9474-1A3956D46DE8}") = "Infrastructure", "Infrastructure", "{77FBE0F8-E093-4D4C-97CE-BE5D3F870EF1}"
EndProject
Project("{2150E333-8FDC-42A3-9474-1A3956D46DE8}") = "Server", "Server", "{AE638EA5-5FBB-4EEE-B62E-A7AAE75AAEF7}"
EndProject
Project("{2150E333-8FDC-42A3-9474-1A3956D46DE8}") = "Shared", "Shared", "{4F3F818D-D5F1-42C8-A669-C2C9833AA4A2}"
EndProject
Project("{2150E333-8FDC-42A3-9474-1A3956D46DE8}") = "Server", "Server", "{C0B6EA30-79FF-4BEB-A3AE-79B3E5E71AAD}"
EndProject
Project("{2150E333-8FDC-42A3-9474-1A3956D46DE8}") = "Client", "Client", "{27640734-1330-4933-8AFA-63F9C458DF5D}"
EndProject
Project("{FAE04EC0-301F-11D3-BF4B-00C04F79EFBC}") = "Shared", "Shared\Shared.csproj", "{E98283A2-C999-4053-A8CA-D4E7D083C7C9}"
EndProject
Project("{FAE04EC0-301F-11D3-BF4B-00C04F79EFBC}") = "Application", "Backend\Src\Application\Application.csproj", "{2CEC3822-F1E8-45D1-821C-048FEBB8FEA6}"
EndProject
Project("{FAE04EC0-301F-11D3-BF4B-00C04F79EFBC}") = "Infrastructure", "Backend\Src\Infrastructure\Infrastructure.csproj", "{6500232D-317C-4AE0-8430-8274675C355A}"
EndProject
Project("{FAE04EC0-301F-11D3-BF4B-00C04F79EFBC}") = "Server", "Backend\Src\Server\Server.csproj", "{03D5F8A9-87B5-4F04-AF71-F9A4BA7A71CC}"
EndProject
Project("{FAE04EC0-301F-11D3-BF4B-00C04F79EFBC}") = "Client.Infrastructure", "Frontend\Src\Client.Infrastructure\Client.Infrastructure.csproj", "{C39E15EB-746B-4C4E-80AA-84E8AB2BB5B0}"
EndProject
Project("{FAE04EC0-301F-11D3-BF4B-00C04F79EFBC}") = "Client", "Frontend\Src\Client\Client.csproj", "{7A58889A-DBE9-40EF-B5BF-1B81BA6B6D62}"
EndProject
Project("{FAE04EC0-301F-11D3-BF4B-00C04F79EFBC}") = "Server", "Frontend\Src\Server\Server.csproj", "{6BF9353D-5A04-42A0-8273-AAA3AAEF0658}"
EndProject
Project("{FAE04EC0-301F-11D3-BF4B-00C04F79EFBC}") = "Domain", "Backend\Src\Domain\Domain.csproj", "{7BD89B63-88BE-4E5F-A442-83B2032555A2}"
EndProject
Global
	GlobalSection(SolutionConfigurationPlatforms) = preSolution
		Debug|Any CPU = Debug|Any CPU
		Release|Any CPU = Release|Any CPU
	EndGlobalSection
	GlobalSection(NestedProjects) = preSolution
		{E188B618-F82D-4003-8064-2DFD3C43FBEB} = {B754D736-03D8-4495-814C-BAF3199A368B}
		{77FBE0F8-E093-4D4C-97CE-BE5D3F870EF1} = {B754D736-03D8-4495-814C-BAF3199A368B}
		{AE638EA5-5FBB-4EEE-B62E-A7AAE75AAEF7} = {B754D736-03D8-4495-814C-BAF3199A368B}
		{C0B6EA30-79FF-4BEB-A3AE-79B3E5E71AAD} = {EC347677-E041-4360-A9FB-00728E870085}
		{27640734-1330-4933-8AFA-63F9C458DF5D} = {EC347677-E041-4360-A9FB-00728E870085}
		{E98283A2-C999-4053-A8CA-D4E7D083C7C9} = {4F3F818D-D5F1-42C8-A669-C2C9833AA4A2}
		{2CEC3822-F1E8-45D1-821C-048FEBB8FEA6} = {E188B618-F82D-4003-8064-2DFD3C43FBEB}
		{6500232D-317C-4AE0-8430-8274675C355A} = {77FBE0F8-E093-4D4C-97CE-BE5D3F870EF1}
		{03D5F8A9-87B5-4F04-AF71-F9A4BA7A71CC} = {AE638EA5-5FBB-4EEE-B62E-A7AAE75AAEF7}
		{C39E15EB-746B-4C4E-80AA-84E8AB2BB5B0} = {27640734-1330-4933-8AFA-63F9C458DF5D}
		{7A58889A-DBE9-40EF-B5BF-1B81BA6B6D62} = {27640734-1330-4933-8AFA-63F9C458DF5D}
		{6BF9353D-5A04-42A0-8273-AAA3AAEF0658} = {C0B6EA30-79FF-4BEB-A3AE-79B3E5E71AAD}
		{7BD89B63-88BE-4E5F-A442-83B2032555A2} = {E188B618-F82D-4003-8064-2DFD3C43FBEB}
	EndGlobalSection
	GlobalSection(ProjectConfigurationPlatforms) = postSolution
		{E98283A2-C999-4053-A8CA-D4E7D083C7C9}.Debug|Any CPU.ActiveCfg = Debug|Any CPU
		{E98283A2-C999-4053-A8CA-D4E7D083C7C9}.Debug|Any CPU.Build.0 = Debug|Any CPU
		{E98283A2-C999-4053-A8CA-D4E7D083C7C9}.Release|Any CPU.ActiveCfg = Release|Any CPU
		{E98283A2-C999-4053-A8CA-D4E7D083C7C9}.Release|Any CPU.Build.0 = Release|Any CPU
		{2CEC3822-F1E8-45D1-821C-048FEBB8FEA6}.Debug|Any CPU.ActiveCfg = Debug|Any CPU
		{2CEC3822-F1E8-45D1-821C-048FEBB8FEA6}.Debug|Any CPU.Build.0 = Debug|Any CPU
		{2CEC3822-F1E8-45D1-821C-048FEBB8FEA6}.Release|Any CPU.ActiveCfg = Release|Any CPU
		{2CEC3822-F1E8-45D1-821C-048FEBB8FEA6}.Release|Any CPU.Build.0 = Release|Any CPU
		{6500232D-317C-4AE0-8430-8274675C355A}.Debug|Any CPU.ActiveCfg = Debug|Any CPU
		{6500232D-317C-4AE0-8430-8274675C355A}.Debug|Any CPU.Build.0 = Debug|Any CPU
		{6500232D-317C-4AE0-8430-8274675C355A}.Release|Any CPU.ActiveCfg = Release|Any CPU
		{6500232D-317C-4AE0-8430-8274675C355A}.Release|Any CPU.Build.0 = Release|Any CPU
		{03D5F8A9-87B5-4F04-AF71-F9A4BA7A71CC}.Debug|Any CPU.ActiveCfg = Debug|Any CPU
		{03D5F8A9-87B5-4F04-AF71-F9A4BA7A71CC}.Debug|Any CPU.Build.0 = Debug|Any CPU
		{03D5F8A9-87B5-4F04-AF71-F9A4BA7A71CC}.Release|Any CPU.ActiveCfg = Release|Any CPU
		{03D5F8A9-87B5-4F04-AF71-F9A4BA7A71CC}.Release|Any CPU.Build.0 = Release|Any CPU
		{C39E15EB-746B-4C4E-80AA-84E8AB2BB5B0}.Debug|Any CPU.ActiveCfg = Debug|Any CPU
		{C39E15EB-746B-4C4E-80AA-84E8AB2BB5B0}.Debug|Any CPU.Build.0 = Debug|Any CPU
		{C39E15EB-746B-4C4E-80AA-84E8AB2BB5B0}.Release|Any CPU.ActiveCfg = Release|Any CPU
		{C39E15EB-746B-4C4E-80AA-84E8AB2BB5B0}.Release|Any CPU.Build.0 = Release|Any CPU
		{7A58889A-DBE9-40EF-B5BF-1B81BA6B6D62}.Debug|Any CPU.ActiveCfg = Debug|Any CPU
		{7A58889A-DBE9-40EF-B5BF-1B81BA6B6D62}.Debug|Any CPU.Build.0 = Debug|Any CPU
		{7A58889A-DBE9-40EF-B5BF-1B81BA6B6D62}.Release|Any CPU.ActiveCfg = Release|Any CPU
		{7A58889A-DBE9-40EF-B5BF-1B81BA6B6D62}.Release|Any CPU.Build.0 = Release|Any CPU
		{6BF9353D-5A04-42A0-8273-AAA3AAEF0658}.Debug|Any CPU.ActiveCfg = Debug|Any CPU
		{6BF9353D-5A04-42A0-8273-AAA3AAEF0658}.Debug|Any CPU.Build.0 = Debug|Any CPU
		{6BF9353D-5A04-42A0-8273-AAA3AAEF0658}.Release|Any CPU.ActiveCfg = Release|Any CPU
		{6BF9353D-5A04-42A0-8273-AAA3AAEF0658}.Release|Any CPU.Build.0 = Release|Any CPU
		{7BD89B63-88BE-4E5F-A442-83B2032555A2}.Debug|Any CPU.ActiveCfg = Debug|Any CPU
		{7BD89B63-88BE-4E5F-A442-83B2032555A2}.Debug|Any CPU.Build.0 = Debug|Any CPU
		{7BD89B63-88BE-4E5F-A442-83B2032555A2}.Release|Any CPU.ActiveCfg = Release|Any CPU
		{7BD89B63-88BE-4E5F-A442-83B2032555A2}.Release|Any CPU.Build.0 = Release|Any CPU
	EndGlobalSection
EndGlobal
